
Microsoft Visual Studio Solution File, Format Version 12.00
# Visual Studio Version 16
VisualStudioVersion = 16.0.32126.315
MinimumVisualStudioVersion = 10.0.40219.1
Project("{FAE04EC0-301F-11D3-BF4B-00C04F79EFBC}") = "QuestionApp", "QuestionApp\QuestionApp.csproj", "{BE4F12D5-C627-491D-8F1C-25F169899B92}"
EndProject
Global
	GlobalSection(SolutionConfigurationPlatforms) = preSolution
		Debug|Any CPU = Debug|Any CPU
		Release|Any CPU = Release|Any CPU
	EndGlobalSection
	GlobalSection(ProjectConfigurationPlatforms) = postSolution
		{BE4F12D5-C627-491D-8F1C-25F169899B92}.Debug|Any CPU.ActiveCfg = Debug|Any CPU
		{BE4F12D5-C627-491D-8F1C-25F169899B92}.Debug|Any CPU.Build.0 = Debug|Any CPU
		{BE4F12D5-C627-491D-8F1C-25F169899B92}.Release|Any CPU.ActiveCfg = Release|Any CPU
		{BE4F12D5-C627-491D-8F1C-25F169899B92}.Release|Any CPU.Build.0 = Release|Any CPU
	EndGlobalSection
	GlobalSection(SolutionProperties) = preSolution
		HideSolutionNode = FALSE
	EndGlobalSection
	GlobalSection(ExtensibilityGlobals) = postSolution
		SolutionGuid = {2FC00F13-414D-471F-A9B4-FF20F7EF9ACB}
	EndGlobalSection
EndGlobal
